
Microsoft Visual Studio Solution File, Format Version 12.00
# Visual Studio Version 17
VisualStudioVersion = 17.1.32319.34
MinimumVisualStudioVersion = 10.0.40219.1
Project("{9A19103F-16F7-4668-BE54-9A1E7A4F7556}") = "Day01-NotQuiteLisp", "Day01-NotQuiteLisp\Day01-NotQuiteLisp.csproj", "{C5197D2C-A2C0-4921-B2DA-40CE39FD6494}"
EndProject
Project("{9A19103F-16F7-4668-BE54-9A1E7A4F7556}") = "SharedTools", "SharedTools\SharedTools.csproj", "{C29B461E-DC9F-4FB6-984D-5A8FABC0B55A}"
EndProject
Project("{9A19103F-16F7-4668-BE54-9A1E7A4F7556}") = "Day01-NotQuiteLisp.Tests", "Day01-NotQuiteLisp.Tests\Day01-NotQuiteLisp.Tests.csproj", "{9A5AAA08-ED5D-4A57-B5B6-921BF493459A}"
EndProject
Project("{9A19103F-16F7-4668-BE54-9A1E7A4F7556}") = "Day02-IWasToldThereWouldBeNoMath", "Day02-IWasToldThereWouldBeNoMath\Day02-IWasToldThereWouldBeNoMath.csproj", "{B0F6728B-9B0B-49B5-B891-30355E50021E}"
EndProject
Project("{9A19103F-16F7-4668-BE54-9A1E7A4F7556}") = "Day03-PerfectlySphericalHousesInAVacuum", "Day03-PerfectlySphericalHousesInAVacuum\Day03-PerfectlySphericalHousesInAVacuum.csproj", "{E82C80BA-8329-48F6-9145-DDCF6004430A}"
EndProject
Project("{9A19103F-16F7-4668-BE54-9A1E7A4F7556}") = "Day03-PerfectlySphericalHousesInAVacuum.Tests", "Day03-PerfectlySphericalHousesInAVacuum.Tests\Day03-PerfectlySphericalHousesInAVacuum.Tests.csproj", "{1797A1B2-CF79-45D4-83DF-DDBED4CAFC1D}"
EndProject
Project("{9A19103F-16F7-4668-BE54-9A1E7A4F7556}") = "Day04-TheIdealStockingStuffer", "Day04-TheIdealStockingStuffer\Day04-TheIdealStockingStuffer.csproj", "{B97CB072-B5EF-4A7C-8101-6DB74E6634AF}"
EndProject
Project("{9A19103F-16F7-4668-BE54-9A1E7A4F7556}") = "Day05-DoesntHeHaveInternElvesForThis", "Day05-DoesntHeHaveInternElvesForThis\Day05-DoesntHeHaveInternElvesForThis.csproj", "{0A5B4999-CD72-4D5E-A547-4E79DDB19F08}"
EndProject
Project("{9A19103F-16F7-4668-BE54-9A1E7A4F7556}") = "Day05-DoesntHeHaveInternElvesForThis.Tests", "Day05-DoesntHeHaveInternElvesForThis.Tests\Day05-DoesntHeHaveInternElvesForThis.Tests.csproj", "{725F1CDA-ECA4-4F93-A6AD-BEEA3D82BA18}"
EndProject
Project("{9A19103F-16F7-4668-BE54-9A1E7A4F7556}") = "Day02-IWasToldThereWouldBeNoMath.Tests", "Day02-IWasToldThereWouldBeNoMath.Tests\Day02-IWasToldThereWouldBeNoMath.Tests.csproj", "{37B8A432-603B-4629-A660-C89E4394EAA4}"
EndProject
Project("{9A19103F-16F7-4668-BE54-9A1E7A4F7556}") = "Day06-ProbablyAFireHazard", "Day06-ProbablyAFireHazard\Day06-ProbablyAFireHazard.csproj", "{E4E079ED-85E8-4CFA-B51E-0B502AC8358E}"
EndProject
Project("{9A19103F-16F7-4668-BE54-9A1E7A4F7556}") = "Day06-ProbablyAFireHazard.Tests", "Day06-ProbablyAFireHazard.Tests\Day06-ProbablyAFireHazard.Tests.csproj", "{DC6A6FC9-2633-4FC5-8081-2458598479C8}"
EndProject
Project("{9A19103F-16F7-4668-BE54-9A1E7A4F7556}") = "Day07-SomeAssemblyRequired", "Day07-SomeAssemblyRequired\Day07-SomeAssemblyRequired.csproj", "{A3437264-0EC7-4570-9427-A31F78B2DC3D}"
EndProject
Project("{9A19103F-16F7-4668-BE54-9A1E7A4F7556}") = "Day08-Matchsticks", "Day08-Matchsticks\Day08-Matchsticks.csproj", "{B4761F1C-AC43-4F36-9837-265D8A4DCF20}"
EndProject
Project("{9A19103F-16F7-4668-BE54-9A1E7A4F7556}") = "Day09-AllInASingleNight", "Day09-AllInASingleNight\Day09-AllInASingleNight.csproj", "{61CEB0F9-8F29-44E9-9FF6-21D40E0BE965}"
EndProject
Project("{9A19103F-16F7-4668-BE54-9A1E7A4F7556}") = "Day10-ElvesLookElvesSay", "Day10-ElvesLookElvesSay\Day10-ElvesLookElvesSay.csproj", "{F742C6AE-0DFC-418F-9E1A-D8E1053A1419}"
EndProject
Project("{9A19103F-16F7-4668-BE54-9A1E7A4F7556}") = "Day11-CorporatePolicy", "Day11-CorporatePolicy\Day11-CorporatePolicy.csproj", "{3080F4DE-38FD-49E3-B793-E77944F6AAD4}"
EndProject
Project("{9A19103F-16F7-4668-BE54-9A1E7A4F7556}") = "Day12-JSAbacusFramework.io", "Day12-JSAbacusFramework.io\Day12-JSAbacusFramework.io.csproj", "{194E6469-3A5B-41B2-A4D9-F9F51568AE64}"
EndProject
Project("{9A19103F-16F7-4668-BE54-9A1E7A4F7556}") = "Day13-KnightsOfTheDinnerTable", "Day13-KnightsOfTheDinnerTable\Day13-KnightsOfTheDinnerTable.csproj", "{66592F0D-7F08-4130-989F-590FE9EC92C8}"
EndProject
Project("{9A19103F-16F7-4668-BE54-9A1E7A4F7556}") = "Day14-ReindeerOlympics", "Day14-ReindeerOlympics\Day14-ReindeerOlympics.csproj", "{6B2A8ABD-DEAC-45D9-90E4-179111E6E132}"
EndProject
Project("{9A19103F-16F7-4668-BE54-9A1E7A4F7556}") = "Day15-ScienceForHungryPeople", "Day15-ScienceForHungryPeople\Day15-ScienceForHungryPeople.csproj", "{756D9850-B750-4B0F-9CA5-7FCBFE525364}"
EndProject
Project("{9A19103F-16F7-4668-BE54-9A1E7A4F7556}") = "Day16-AuntSue", "Day16-AuntSue\Day16-AuntSue.csproj", "{B7499CA1-6CC0-4F0C-B88B-4D21F2B33CAA}"
EndProject
Project("{FAE04EC0-301F-11D3-BF4B-00C04F79EFBC}") = "Day17-NoSuchThingAsTooMuch", "Day17-NoSuchThingAsTooMuch\Day17-NoSuchThingAsTooMuch.csproj", "{BC6975B9-F99A-43F3-9266-6F26D5AB9D97}"
EndProject
Global
	GlobalSection(SolutionConfigurationPlatforms) = preSolution
		Debug|Any CPU = Debug|Any CPU
		Release|Any CPU = Release|Any CPU
	EndGlobalSection
	GlobalSection(ProjectConfigurationPlatforms) = postSolution
		{C5197D2C-A2C0-4921-B2DA-40CE39FD6494}.Debug|Any CPU.ActiveCfg = Debug|Any CPU
		{C5197D2C-A2C0-4921-B2DA-40CE39FD6494}.Debug|Any CPU.Build.0 = Debug|Any CPU
		{C5197D2C-A2C0-4921-B2DA-40CE39FD6494}.Release|Any CPU.ActiveCfg = Release|Any CPU
		{C5197D2C-A2C0-4921-B2DA-40CE39FD6494}.Release|Any CPU.Build.0 = Release|Any CPU
		{C29B461E-DC9F-4FB6-984D-5A8FABC0B55A}.Debug|Any CPU.ActiveCfg = Debug|Any CPU
		{C29B461E-DC9F-4FB6-984D-5A8FABC0B55A}.Debug|Any CPU.Build.0 = Debug|Any CPU
		{C29B461E-DC9F-4FB6-984D-5A8FABC0B55A}.Release|Any CPU.ActiveCfg = Release|Any CPU
		{C29B461E-DC9F-4FB6-984D-5A8FABC0B55A}.Release|Any CPU.Build.0 = Release|Any CPU
		{9A5AAA08-ED5D-4A57-B5B6-921BF493459A}.Debug|Any CPU.ActiveCfg = Debug|Any CPU
		{9A5AAA08-ED5D-4A57-B5B6-921BF493459A}.Debug|Any CPU.Build.0 = Debug|Any CPU
		{9A5AAA08-ED5D-4A57-B5B6-921BF493459A}.Release|Any CPU.ActiveCfg = Release|Any CPU
		{9A5AAA08-ED5D-4A57-B5B6-921BF493459A}.Release|Any CPU.Build.0 = Release|Any CPU
		{B0F6728B-9B0B-49B5-B891-30355E50021E}.Debug|Any CPU.ActiveCfg = Debug|Any CPU
		{B0F6728B-9B0B-49B5-B891-30355E50021E}.Debug|Any CPU.Build.0 = Debug|Any CPU
		{B0F6728B-9B0B-49B5-B891-30355E50021E}.Release|Any CPU.ActiveCfg = Release|Any CPU
		{B0F6728B-9B0B-49B5-B891-30355E50021E}.Release|Any CPU.Build.0 = Release|Any CPU
		{E82C80BA-8329-48F6-9145-DDCF6004430A}.Debug|Any CPU.ActiveCfg = Debug|Any CPU
		{E82C80BA-8329-48F6-9145-DDCF6004430A}.Debug|Any CPU.Build.0 = Debug|Any CPU
		{E82C80BA-8329-48F6-9145-DDCF6004430A}.Release|Any CPU.ActiveCfg = Release|Any CPU
		{E82C80BA-8329-48F6-9145-DDCF6004430A}.Release|Any CPU.Build.0 = Release|Any CPU
		{1797A1B2-CF79-45D4-83DF-DDBED4CAFC1D}.Debug|Any CPU.ActiveCfg = Debug|Any CPU
		{1797A1B2-CF79-45D4-83DF-DDBED4CAFC1D}.Debug|Any CPU.Build.0 = Debug|Any CPU
		{1797A1B2-CF79-45D4-83DF-DDBED4CAFC1D}.Release|Any CPU.ActiveCfg = Release|Any CPU
		{1797A1B2-CF79-45D4-83DF-DDBED4CAFC1D}.Release|Any CPU.Build.0 = Release|Any CPU
		{B97CB072-B5EF-4A7C-8101-6DB74E6634AF}.Debug|Any CPU.ActiveCfg = Debug|Any CPU
		{B97CB072-B5EF-4A7C-8101-6DB74E6634AF}.Debug|Any CPU.Build.0 = Debug|Any CPU
		{B97CB072-B5EF-4A7C-8101-6DB74E6634AF}.Release|Any CPU.ActiveCfg = Release|Any CPU
		{B97CB072-B5EF-4A7C-8101-6DB74E6634AF}.Release|Any CPU.Build.0 = Release|Any CPU
		{0A5B4999-CD72-4D5E-A547-4E79DDB19F08}.Debug|Any CPU.ActiveCfg = Debug|Any CPU
		{0A5B4999-CD72-4D5E-A547-4E79DDB19F08}.Debug|Any CPU.Build.0 = Debug|Any CPU
		{0A5B4999-CD72-4D5E-A547-4E79DDB19F08}.Release|Any CPU.ActiveCfg = Release|Any CPU
		{0A5B4999-CD72-4D5E-A547-4E79DDB19F08}.Release|Any CPU.Build.0 = Release|Any CPU
		{725F1CDA-ECA4-4F93-A6AD-BEEA3D82BA18}.Debug|Any CPU.ActiveCfg = Debug|Any CPU
		{725F1CDA-ECA4-4F93-A6AD-BEEA3D82BA18}.Debug|Any CPU.Build.0 = Debug|Any CPU
		{725F1CDA-ECA4-4F93-A6AD-BEEA3D82BA18}.Release|Any CPU.ActiveCfg = Release|Any CPU
		{725F1CDA-ECA4-4F93-A6AD-BEEA3D82BA18}.Release|Any CPU.Build.0 = Release|Any CPU
		{37B8A432-603B-4629-A660-C89E4394EAA4}.Debug|Any CPU.ActiveCfg = Debug|Any CPU
		{37B8A432-603B-4629-A660-C89E4394EAA4}.Debug|Any CPU.Build.0 = Debug|Any CPU
		{37B8A432-603B-4629-A660-C89E4394EAA4}.Release|Any CPU.ActiveCfg = Release|Any CPU
		{37B8A432-603B-4629-A660-C89E4394EAA4}.Release|Any CPU.Build.0 = Release|Any CPU
		{E4E079ED-85E8-4CFA-B51E-0B502AC8358E}.Debug|Any CPU.ActiveCfg = Debug|Any CPU
		{E4E079ED-85E8-4CFA-B51E-0B502AC8358E}.Debug|Any CPU.Build.0 = Debug|Any CPU
		{E4E079ED-85E8-4CFA-B51E-0B502AC8358E}.Release|Any CPU.ActiveCfg = Release|Any CPU
		{E4E079ED-85E8-4CFA-B51E-0B502AC8358E}.Release|Any CPU.Build.0 = Release|Any CPU
		{DC6A6FC9-2633-4FC5-8081-2458598479C8}.Debug|Any CPU.ActiveCfg = Debug|Any CPU
		{DC6A6FC9-2633-4FC5-8081-2458598479C8}.Debug|Any CPU.Build.0 = Debug|Any CPU
		{DC6A6FC9-2633-4FC5-8081-2458598479C8}.Release|Any CPU.ActiveCfg = Release|Any CPU
		{DC6A6FC9-2633-4FC5-8081-2458598479C8}.Release|Any CPU.Build.0 = Release|Any CPU
		{A3437264-0EC7-4570-9427-A31F78B2DC3D}.Debug|Any CPU.ActiveCfg = Debug|Any CPU
		{A3437264-0EC7-4570-9427-A31F78B2DC3D}.Debug|Any CPU.Build.0 = Debug|Any CPU
		{A3437264-0EC7-4570-9427-A31F78B2DC3D}.Release|Any CPU.ActiveCfg = Release|Any CPU
		{A3437264-0EC7-4570-9427-A31F78B2DC3D}.Release|Any CPU.Build.0 = Release|Any CPU
		{B4761F1C-AC43-4F36-9837-265D8A4DCF20}.Debug|Any CPU.ActiveCfg = Debug|Any CPU
		{B4761F1C-AC43-4F36-9837-265D8A4DCF20}.Debug|Any CPU.Build.0 = Debug|Any CPU
		{B4761F1C-AC43-4F36-9837-265D8A4DCF20}.Release|Any CPU.ActiveCfg = Release|Any CPU
		{B4761F1C-AC43-4F36-9837-265D8A4DCF20}.Release|Any CPU.Build.0 = Release|Any CPU
		{61CEB0F9-8F29-44E9-9FF6-21D40E0BE965}.Debug|Any CPU.ActiveCfg = Debug|Any CPU
		{61CEB0F9-8F29-44E9-9FF6-21D40E0BE965}.Debug|Any CPU.Build.0 = Debug|Any CPU
		{61CEB0F9-8F29-44E9-9FF6-21D40E0BE965}.Release|Any CPU.ActiveCfg = Release|Any CPU
		{61CEB0F9-8F29-44E9-9FF6-21D40E0BE965}.Release|Any CPU.Build.0 = Release|Any CPU
		{F742C6AE-0DFC-418F-9E1A-D8E1053A1419}.Debug|Any CPU.ActiveCfg = Debug|Any CPU
		{F742C6AE-0DFC-418F-9E1A-D8E1053A1419}.Debug|Any CPU.Build.0 = Debug|Any CPU
		{F742C6AE-0DFC-418F-9E1A-D8E1053A1419}.Release|Any CPU.ActiveCfg = Release|Any CPU
		{F742C6AE-0DFC-418F-9E1A-D8E1053A1419}.Release|Any CPU.Build.0 = Release|Any CPU
		{3080F4DE-38FD-49E3-B793-E77944F6AAD4}.Debug|Any CPU.ActiveCfg = Debug|Any CPU
		{3080F4DE-38FD-49E3-B793-E77944F6AAD4}.Debug|Any CPU.Build.0 = Debug|Any CPU
		{3080F4DE-38FD-49E3-B793-E77944F6AAD4}.Release|Any CPU.ActiveCfg = Release|Any CPU
		{3080F4DE-38FD-49E3-B793-E77944F6AAD4}.Release|Any CPU.Build.0 = Release|Any CPU
		{194E6469-3A5B-41B2-A4D9-F9F51568AE64}.Debug|Any CPU.ActiveCfg = Debug|Any CPU
		{194E6469-3A5B-41B2-A4D9-F9F51568AE64}.Debug|Any CPU.Build.0 = Debug|Any CPU
		{194E6469-3A5B-41B2-A4D9-F9F51568AE64}.Release|Any CPU.ActiveCfg = Release|Any CPU
		{194E6469-3A5B-41B2-A4D9-F9F51568AE64}.Release|Any CPU.Build.0 = Release|Any CPU
		{66592F0D-7F08-4130-989F-590FE9EC92C8}.Debug|Any CPU.ActiveCfg = Debug|Any CPU
		{66592F0D-7F08-4130-989F-590FE9EC92C8}.Debug|Any CPU.Build.0 = Debug|Any CPU
		{66592F0D-7F08-4130-989F-590FE9EC92C8}.Release|Any CPU.ActiveCfg = Release|Any CPU
		{66592F0D-7F08-4130-989F-590FE9EC92C8}.Release|Any CPU.Build.0 = Release|Any CPU
		{6B2A8ABD-DEAC-45D9-90E4-179111E6E132}.Debug|Any CPU.ActiveCfg = Debug|Any CPU
		{6B2A8ABD-DEAC-45D9-90E4-179111E6E132}.Debug|Any CPU.Build.0 = Debug|Any CPU
		{6B2A8ABD-DEAC-45D9-90E4-179111E6E132}.Release|Any CPU.ActiveCfg = Release|Any CPU
		{6B2A8ABD-DEAC-45D9-90E4-179111E6E132}.Release|Any CPU.Build.0 = Release|Any CPU
		{756D9850-B750-4B0F-9CA5-7FCBFE525364}.Debug|Any CPU.ActiveCfg = Debug|Any CPU
		{756D9850-B750-4B0F-9CA5-7FCBFE525364}.Debug|Any CPU.Build.0 = Debug|Any CPU
		{756D9850-B750-4B0F-9CA5-7FCBFE525364}.Release|Any CPU.ActiveCfg = Release|Any CPU
		{756D9850-B750-4B0F-9CA5-7FCBFE525364}.Release|Any CPU.Build.0 = Release|Any CPU
		{B7499CA1-6CC0-4F0C-B88B-4D21F2B33CAA}.Debug|Any CPU.ActiveCfg = Debug|Any CPU
		{B7499CA1-6CC0-4F0C-B88B-4D21F2B33CAA}.Debug|Any CPU.Build.0 = Debug|Any CPU
		{B7499CA1-6CC0-4F0C-B88B-4D21F2B33CAA}.Release|Any CPU.ActiveCfg = Release|Any CPU
		{B7499CA1-6CC0-4F0C-B88B-4D21F2B33CAA}.Release|Any CPU.Build.0 = Release|Any CPU
		{BC6975B9-F99A-43F3-9266-6F26D5AB9D97}.Debug|Any CPU.ActiveCfg = Debug|Any CPU
		{BC6975B9-F99A-43F3-9266-6F26D5AB9D97}.Debug|Any CPU.Build.0 = Debug|Any CPU
		{BC6975B9-F99A-43F3-9266-6F26D5AB9D97}.Release|Any CPU.ActiveCfg = Release|Any CPU
		{BC6975B9-F99A-43F3-9266-6F26D5AB9D97}.Release|Any CPU.Build.0 = Release|Any CPU
	EndGlobalSection
	GlobalSection(SolutionProperties) = preSolution
		HideSolutionNode = FALSE
	EndGlobalSection
	GlobalSection(ExtensibilityGlobals) = postSolution
		SolutionGuid = {2DBF9B6B-274E-42B2-A6C4-983D8C21E3F2}
	EndGlobalSection
EndGlobal
